# THIS IS AN AUTOGENERATED FILE. DO NOT EDIT THIS FILE DIRECTLY.
# yarn lockfile v1


not-not@^1.0.2:
  version "1.0.2"
  resolved "https://registry.yarnpkg.com/not-not/-/not-not-1.0.2.tgz#d12a22ef597e48c304ae44711d88c87cea521a9f"
  integrity sha1-0Soi71l+SMMErkRxHYjIfOpSGp8=
  dependencies:
    not "^0.1"

not@^0.1:
  version "0.1.0"
  resolved "https://registry.yarnpkg.com/not/-/not-0.1.0.tgz#c9691c1746c55dcfbe54cbd8bd4ff041bc2b519d"
  integrity sha1-yWkcF0bFXc++VMvYvU/wQbwrUZ0=
